Microsoft Visual Studio Solution File, Format Version 12.00
# Visual Studio Version 17
VisualStudioVersion = 17.5.2.0
MinimumVisualStudioVersion = 10.0.40219.1
Project("{FAE04EC0-301F-11D3-BF4B-00C04F79EFBC}") = "SocketClient", "SocketClient\SocketClient.csproj", "{574ECAD1-D36D-A64B-CEAB-46160618C167}"
EndProject
Project("{FAE04EC0-301F-11D3-BF4B-00C04F79EFBC}") = "SocketServer", "SocketServer\SocketServer.csproj", "{0CDD3FC2-64A7-CDDE-3F98-E0B1B695917D}"
EndProject
Global
	GlobalSection(SolutionConfigurationPlatforms) = preSolution
		Debug|Any CPU = Debug|Any CPU
		Release|Any CPU = Release|Any CPU
	EndGlobalSection
	GlobalSection(ProjectConfigurationPlatforms) = postSolution
		{574ECAD1-D36D-A64B-CEAB-46160618C167}.Debug|Any CPU.ActiveCfg = Debug|Any CPU
		{574ECAD1-D36D-A64B-CEAB-46160618C167}.Debug|Any CPU.Build.0 = Debug|Any CPU
		{574ECAD1-D36D-A64B-CEAB-46160618C167}.Release|Any CPU.ActiveCfg = Release|Any CPU
		{574ECAD1-D36D-A64B-CEAB-46160618C167}.Release|Any CPU.Build.0 = Release|Any CPU
		{0CDD3FC2-64A7-CDDE-3F98-E0B1B695917D}.Debug|Any CPU.ActiveCfg = Debug|Any CPU
		{0CDD3FC2-64A7-CDDE-3F98-E0B1B695917D}.Debug|Any CPU.Build.0 = Debug|Any CPU
		{0CDD3FC2-64A7-CDDE-3F98-E0B1B695917D}.Release|Any CPU.ActiveCfg = Release|Any CPU
		{0CDD3FC2-64A7-CDDE-3F98-E0B1B695917D}.Release|Any CPU.Build.0 = Release|Any CPU
	EndGlobalSection
	GlobalSection(SolutionProperties) = preSolution
		HideSolutionNode = FALSE
	EndGlobalSection
	GlobalSection(ExtensibilityGlobals) = postSolution
		SolutionGuid = {D416C013-E391-4929-8DF2-86A85141C4C3}
	EndGlobalSection
EndGlobal
